NeoBundleLock Tomorrow-Theme 0e0d35ac303f99b8aa182091ebeaee81cf2183a0
NeoBundleLock ctrlp.vim 564176f01d7f3f7f8ab452ff4e1f5314de7b0981
NeoBundleLock emmet-vim f4b097af50833964e15f17192f2d1c336e34936e
NeoBundleLock neobundle.vim 30c40ccbfc6371fb922eece6e0657eb5da9e479b
NeoBundleLock nerdtree 2e2b649232d6ae4d02d74793e5da0ee08480ad8d
NeoBundleLock seoul256.vim ca2499b0d673c7421a2b3b90e98b570cd0c41edc
NeoBundleLock snipmate.vim 9d93a221daff424a0fd32e52eae3abf4003125cb
NeoBundleLock vim-airline d00f7b35d2e615ce7a120214e4615912fc09e630
NeoBundleLock vim-airline-themes 8b58708ec4318cee43a878ea74f7dedb61c8f07a
NeoBundleLock vim-codeschool ef566c9966dacd9a93e444180c27d1abcba60147
NeoBundleLock vim-colorschemes b8dff40f69f1873effbed97c759a8452ecb240ed
NeoBundleLock vim-gitgutter 26c6b549f287b8ae348eda083e7c77f79f4de28b
NeoBundleLock vim-markdown 3c2215bfed1de1251927fbc94b2631ca27c2958f
NeoBundleLock vim-nerdtree-tabs 0decec122e9bb3e9328b01fa20a9650e79cc6ca7
NeoBundleLock vim-rails b5d8d50e1c3d4c99b0d128fa232dde9c43219833
